
Microsoft Visual Studio Solution File, Format Version 12.00
# Visual Studio Version 16
VisualStudioVersion = 16.0.31729.503
MinimumVisualStudioVersion = 10.0.40219.1
Project("{FAE04EC0-301F-11D3-BF4B-00C04F79EFBC}") = "AppAbstractFactory", "AppAbstractFactory.csproj", "{606CEEE8-2E1E-48AA-B532-F6521C6A1E61}"
EndProject
Global
	GlobalSection(SolutionConfigurationPlatforms) = preSolution
		Debug|Any CPU = Debug|Any CPU
		Release|Any CPU = Release|Any CPU
	EndGlobalSection
	GlobalSection(ProjectConfigurationPlatforms) = postSolution
		{606CEEE8-2E1E-48AA-B532-F6521C6A1E61}.Debug|Any CPU.ActiveCfg = Debug|Any CPU
		{606CEEE8-2E1E-48AA-B532-F6521C6A1E61}.Debug|Any CPU.Build.0 = Debug|Any CPU
		{606CEEE8-2E1E-48AA-B532-F6521C6A1E61}.Release|Any CPU.ActiveCfg = Release|Any CPU
		{606CEEE8-2E1E-48AA-B532-F6521C6A1E61}.Release|Any CPU.Build.0 = Release|Any CPU
	EndGlobalSection
	GlobalSection(SolutionProperties) = preSolution
		HideSolutionNode = FALSE
	EndGlobalSection
	GlobalSection(ExtensibilityGlobals) = postSolution
		SolutionGuid = {515D2453-9C7D-4E84-8D00-680418397BE4}
	EndGlobalSection
EndGlobal
